
Microsoft Visual Studio Solution File, Format Version 12.00
# Visual Studio Version 17
VisualStudioVersion = 17.1.32210.238
MinimumVisualStudioVersion = 10.0.40219.1
Project("{FAE04EC0-301F-11D3-BF4B-00C04F79EFBC}") = "CSharpSPLesson1", "CSharpSPLesson1\CSharpSPLesson1.csproj", "{662AE62F-BC58-40F1-A8CC-DE8C4196C6C1}"
EndProject
Project("{FAE04EC0-301F-11D3-BF4B-00C04F79EFBC}") = "DZ_1", "DZ_1\DZ_1.csproj", "{56FECFF0-C7C3-4950-B49C-0678856D14AB}"
EndProject
Project("{FAE04EC0-301F-11D3-BF4B-00C04F79EFBC}") = "AppWindow", "AppWindow\AppWindow.csproj", "{A4A43A18-FEC7-4031-B388-0703E4F141F5}"
EndProject
Project("{FAE04EC0-301F-11D3-BF4B-00C04F79EFBC}") = "MangeWindow", "MangeWindow\MangeWindow.csproj", "{035118CE-5189-4EAC-A175-BD64A5506116}"
EndProject
Project("{FAE04EC0-301F-11D3-BF4B-00C04F79EFBC}") = "WorkWithNotepad", "WorkWithNotepad\WorkWithNotepad.csproj", "{3BAD29AE-2CBA-458E-B23D-31A9DBA624D7}"
EndProject
Project("{FAE04EC0-301F-11D3-BF4B-00C04F79EFBC}") = "ProcessesApp", "ProcessesApp\ProcessesApp.csproj", "{193A02DA-7794-4690-8CFA-1FAC6587B339}"
EndProject
Project("{9A19103F-16F7-4668-BE54-9A1E7A4F7556}") = "ThredasApp", "ThredasApp\ThredasApp.csproj", "{0FF8BFCE-5C56-45B3-9C92-9492072FAFF8}"
EndProject
Project("{9A19103F-16F7-4668-BE54-9A1E7A4F7556}") = "Klass_Lesson", "Klass_Lesson\Klass_Lesson.csproj", "{DD0A739E-AB2E-4C72-99B5-C0D8954BCD65}"
EndProject
Project("{9A19103F-16F7-4668-BE54-9A1E7A4F7556}") = "SPCopyApp", "SPCopyApp\SPCopyApp.csproj", "{9F264B85-A2F1-427A-92CF-967BAB75F165}"
EndProject
Project("{9A19103F-16F7-4668-BE54-9A1E7A4F7556}") = "AsyncWork", "AsyncWork\AsyncWork.csproj", "{1AF9CA21-3876-4309-9B5A-A54388DBE41E}"
EndProject
Project("{9A19103F-16F7-4668-BE54-9A1E7A4F7556}") = "DZ_3", "DZ_3\DZ_3.csproj", "{22DD3AE1-1827-4605-B359-9D6ACD490C78}"
EndProject
Project("{9A19103F-16F7-4668-BE54-9A1E7A4F7556}") = "FactorialAsync", "FactorialAsync\FactorialAsync.csproj", "{96AE9E4D-72EB-4DAD-828E-40F94EC169C4}"
EndProject
Project("{FAE04EC0-301F-11D3-BF4B-00C04F79EFBC}") = "Exam", "Exam\Exam.csproj", "{2E758CAA-3B3C-40B8-91BA-E1B0553C3AC3}"
EndProject
Global
	GlobalSection(SolutionConfigurationPlatforms) = preSolution
		Debug|Any CPU = Debug|Any CPU
		Release|Any CPU = Release|Any CPU
	EndGlobalSection
	GlobalSection(ProjectConfigurationPlatforms) = postSolution
		{662AE62F-BC58-40F1-A8CC-DE8C4196C6C1}.Debug|Any CPU.ActiveCfg = Debug|Any CPU
		{662AE62F-BC58-40F1-A8CC-DE8C4196C6C1}.Debug|Any CPU.Build.0 = Debug|Any CPU
		{662AE62F-BC58-40F1-A8CC-DE8C4196C6C1}.Release|Any CPU.ActiveCfg = Release|Any CPU
		{662AE62F-BC58-40F1-A8CC-DE8C4196C6C1}.Release|Any CPU.Build.0 = Release|Any CPU
		{56FECFF0-C7C3-4950-B49C-0678856D14AB}.Debug|Any CPU.ActiveCfg = Debug|Any CPU
		{56FECFF0-C7C3-4950-B49C-0678856D14AB}.Debug|Any CPU.Build.0 = Debug|Any CPU
		{56FECFF0-C7C3-4950-B49C-0678856D14AB}.Release|Any CPU.ActiveCfg = Release|Any CPU
		{56FECFF0-C7C3-4950-B49C-0678856D14AB}.Release|Any CPU.Build.0 = Release|Any CPU
		{A4A43A18-FEC7-4031-B388-0703E4F141F5}.Debug|Any CPU.ActiveCfg = Debug|Any CPU
		{A4A43A18-FEC7-4031-B388-0703E4F141F5}.Debug|Any CPU.Build.0 = Debug|Any CPU
		{A4A43A18-FEC7-4031-B388-0703E4F141F5}.Release|Any CPU.ActiveCfg = Release|Any CPU
		{A4A43A18-FEC7-4031-B388-0703E4F141F5}.Release|Any CPU.Build.0 = Release|Any CPU
		{035118CE-5189-4EAC-A175-BD64A5506116}.Debug|Any CPU.ActiveCfg = Debug|Any CPU
		{035118CE-5189-4EAC-A175-BD64A5506116}.Debug|Any CPU.Build.0 = Debug|Any CPU
		{035118CE-5189-4EAC-A175-BD64A5506116}.Release|Any CPU.ActiveCfg = Release|Any CPU
		{035118CE-5189-4EAC-A175-BD64A5506116}.Release|Any CPU.Build.0 = Release|Any CPU
		{3BAD29AE-2CBA-458E-B23D-31A9DBA624D7}.Debug|Any CPU.ActiveCfg = Debug|Any CPU
		{3BAD29AE-2CBA-458E-B23D-31A9DBA624D7}.Debug|Any CPU.Build.0 = Debug|Any CPU
		{3BAD29AE-2CBA-458E-B23D-31A9DBA624D7}.Release|Any CPU.ActiveCfg = Release|Any CPU
		{3BAD29AE-2CBA-458E-B23D-31A9DBA624D7}.Release|Any CPU.Build.0 = Release|Any CPU
		{193A02DA-7794-4690-8CFA-1FAC6587B339}.Debug|Any CPU.ActiveCfg = Debug|Any CPU
		{193A02DA-7794-4690-8CFA-1FAC6587B339}.Debug|Any CPU.Build.0 = Debug|Any CPU
		{193A02DA-7794-4690-8CFA-1FAC6587B339}.Release|Any CPU.ActiveCfg = Release|Any CPU
		{193A02DA-7794-4690-8CFA-1FAC6587B339}.Release|Any CPU.Build.0 = Release|Any CPU
		{0FF8BFCE-5C56-45B3-9C92-9492072FAFF8}.Debug|Any CPU.ActiveCfg = Debug|Any CPU
		{0FF8BFCE-5C56-45B3-9C92-9492072FAFF8}.Debug|Any CPU.Build.0 = Debug|Any CPU
		{0FF8BFCE-5C56-45B3-9C92-9492072FAFF8}.Release|Any CPU.ActiveCfg = Release|Any CPU
		{0FF8BFCE-5C56-45B3-9C92-9492072FAFF8}.Release|Any CPU.Build.0 = Release|Any CPU
		{DD0A739E-AB2E-4C72-99B5-C0D8954BCD65}.Debug|Any CPU.ActiveCfg = Debug|Any CPU
		{DD0A739E-AB2E-4C72-99B5-C0D8954BCD65}.Debug|Any CPU.Build.0 = Debug|Any CPU
		{DD0A739E-AB2E-4C72-99B5-C0D8954BCD65}.Release|Any CPU.ActiveCfg = Release|Any CPU
		{DD0A739E-AB2E-4C72-99B5-C0D8954BCD65}.Release|Any CPU.Build.0 = Release|Any CPU
		{9F264B85-A2F1-427A-92CF-967BAB75F165}.Debug|Any CPU.ActiveCfg = Debug|Any CPU
		{9F264B85-A2F1-427A-92CF-967BAB75F165}.Debug|Any CPU.Build.0 = Debug|Any CPU
		{9F264B85-A2F1-427A-92CF-967BAB75F165}.Release|Any CPU.ActiveCfg = Release|Any CPU
		{9F264B85-A2F1-427A-92CF-967BAB75F165}.Release|Any CPU.Build.0 = Release|Any CPU
		{1AF9CA21-3876-4309-9B5A-A54388DBE41E}.Debug|Any CPU.ActiveCfg = Debug|Any CPU
		{1AF9CA21-3876-4309-9B5A-A54388DBE41E}.Debug|Any CPU.Build.0 = Debug|Any CPU
		{1AF9CA21-3876-4309-9B5A-A54388DBE41E}.Release|Any CPU.ActiveCfg = Release|Any CPU
		{1AF9CA21-3876-4309-9B5A-A54388DBE41E}.Release|Any CPU.Build.0 = Release|Any CPU
		{22DD3AE1-1827-4605-B359-9D6ACD490C78}.Debug|Any CPU.ActiveCfg = Debug|Any CPU
		{22DD3AE1-1827-4605-B359-9D6ACD490C78}.Debug|Any CPU.Build.0 = Debug|Any CPU
		{22DD3AE1-1827-4605-B359-9D6ACD490C78}.Release|Any CPU.ActiveCfg = Release|Any CPU
		{22DD3AE1-1827-4605-B359-9D6ACD490C78}.Release|Any CPU.Build.0 = Release|Any CPU
		{96AE9E4D-72EB-4DAD-828E-40F94EC169C4}.Debug|Any CPU.ActiveCfg = Debug|Any CPU
		{96AE9E4D-72EB-4DAD-828E-40F94EC169C4}.Debug|Any CPU.Build.0 = Debug|Any CPU
		{96AE9E4D-72EB-4DAD-828E-40F94EC169C4}.Release|Any CPU.ActiveCfg = Release|Any CPU
		{96AE9E4D-72EB-4DAD-828E-40F94EC169C4}.Release|Any CPU.Build.0 = Release|Any CPU
		{2E758CAA-3B3C-40B8-91BA-E1B0553C3AC3}.Debug|Any CPU.ActiveCfg = Debug|Any CPU
		{2E758CAA-3B3C-40B8-91BA-E1B0553C3AC3}.Debug|Any CPU.Build.0 = Debug|Any CPU
		{2E758CAA-3B3C-40B8-91BA-E1B0553C3AC3}.Release|Any CPU.ActiveCfg = Release|Any CPU
		{2E758CAA-3B3C-40B8-91BA-E1B0553C3AC3}.Release|Any CPU.Build.0 = Release|Any CPU
	EndGlobalSection
	GlobalSection(SolutionProperties) = preSolution
		HideSolutionNode = FALSE
	EndGlobalSection
	GlobalSection(ExtensibilityGlobals) = postSolution
		SolutionGuid = {B06D22EC-CD74-45F3-B894-BC04811BC016}
	EndGlobalSection
EndGlobal
