
Microsoft Visual Studio Solution File, Format Version 12.00
# Visual Studio Version 17
VisualStudioVersion = 17.1.32210.238
MinimumVisualStudioVersion = 10.0.40219.1
Project("{FAE04EC0-301F-11D3-BF4B-00C04F79EFBC}") = "CSharpSPLesson1", "CSharpSPLesson1\CSharpSPLesson1.csproj", "{662AE62F-BC58-40F1-A8CC-DE8C4196C6C1}"
EndProject
Project("{FAE04EC0-301F-11D3-BF4B-00C04F79EFBC}") = "DZ_1", "DZ_1\DZ_1.csproj", "{56FECFF0-C7C3-4950-B49C-0678856D14AB}"
EndProject
Global
	GlobalSection(SolutionConfigurationPlatforms) = preSolution
		Debug|Any CPU = Debug|Any CPU
		Release|Any CPU = Release|Any CPU
	EndGlobalSection
	GlobalSection(ProjectConfigurationPlatforms) = postSolution
		{662AE62F-BC58-40F1-A8CC-DE8C4196C6C1}.Debug|Any CPU.ActiveCfg = Debug|Any CPU
		{662AE62F-BC58-40F1-A8CC-DE8C4196C6C1}.Debug|Any CPU.Build.0 = Debug|Any CPU
		{662AE62F-BC58-40F1-A8CC-DE8C4196C6C1}.Release|Any CPU.ActiveCfg = Release|Any CPU
		{662AE62F-BC58-40F1-A8CC-DE8C4196C6C1}.Release|Any CPU.Build.0 = Release|Any CPU
		{56FECFF0-C7C3-4950-B49C-0678856D14AB}.Debug|Any CPU.ActiveCfg = Debug|Any CPU
		{56FECFF0-C7C3-4950-B49C-0678856D14AB}.Debug|Any CPU.Build.0 = Debug|Any CPU
		{56FECFF0-C7C3-4950-B49C-0678856D14AB}.Release|Any CPU.ActiveCfg = Release|Any CPU
		{56FECFF0-C7C3-4950-B49C-0678856D14AB}.Release|Any CPU.Build.0 = Release|Any CPU
	EndGlobalSection
	GlobalSection(SolutionProperties) = preSolution
		HideSolutionNode = FALSE
	EndGlobalSection
	GlobalSection(ExtensibilityGlobals) = postSolution
		SolutionGuid = {B06D22EC-CD74-45F3-B894-BC04811BC016}
	EndGlobalSection
EndGlobal
